{
  "name": "start-polymer3",
  "version": "1.0.0",
  "lockfileVersion": 1,
  "requires": true,
  "dependencies": {
    "@polymer/app-layout": {
      "version": "3.0.0-pre.12",
      "resolved": "https://registry.npmjs.org/@polymer/app-layout/-/app-layout-3.0.0-pre.12.tgz",
      "integrity": "sha512-7CIwcse7gXp33WKchW8tqjxhqBL2hZmE/kfQhafA4d7P6iRfDmXAV0JLrh4QFriKQMQnxZp7NG4ZsFE0JQqPJg==",
      "requires": {
        "@polymer/iron-flex-layout": "3.0.0-pre.12",
        "@polymer/iron-media-query": "3.0.0-pre.12",
        "@polymer/iron-resizable-behavior": "3.0.0-pre.12",
        "@polymer/iron-scroll-target-behavior": "3.0.0-pre.12",
        "@polymer/polymer": "3.0.0-pre.12"
      }
    },
    "@polymer/font-roboto": {
      "version": "3.0.0-pre.12",
      "resolved": "https://registry.npmjs.org/@polymer/font-roboto/-/font-roboto-3.0.0-pre.12.tgz",
      "integrity": "sha512-D4inM9qe6YgtWLcB3yd7K4yuUjXfc1HqkoTUaLoatMYNFhVfZu60bOvvDEa0jdPFXEq1QmqKjzEJZ6qaX6vHqA=="
    },
    "@polymer/iron-a11y-keys-behavior": {
      "version": "3.0.0-pre.12",
      "resolved": "https://registry.npmjs.org/@polymer/iron-a11y-keys-behavior/-/iron-a11y-keys-behavior-3.0.0-pre.12.tgz",
      "integrity": "sha512-QLnvWTDYlObHeWvflWFDlSaEljZopYT8/D3XCaWtN6cSgsdnHe6uoV+W95YgAP+w9KM13vZZEpa4zJjmlAYrFA==",
      "requires": {
        "@polymer/polymer": "3.0.0-pre.12"
      }
    },
    "@polymer/iron-behaviors": {
      "version": "3.0.0-pre.12",
      "resolved": "https://registry.npmjs.org/@polymer/iron-behaviors/-/iron-behaviors-3.0.0-pre.12.tgz",
      "integrity": "sha512-ros9dbO52jmV+henJxEXvoOx1tzX6i70aIOTgI92ebInPmyvtx5WeX1QXzUUMnUi4hKYLFZWqubgVQ4Hyu+pGw==",
      "requires": {
        "@polymer/iron-a11y-keys-behavior": "3.0.0-pre.12",
        "@polymer/polymer": "3.0.0-pre.12"
      }
    },
    "@polymer/iron-checked-element-behavior": {
      "version": "3.0.0-pre.12",
      "resolved": "https://registry.npmjs.org/@polymer/iron-checked-element-behavior/-/iron-checked-element-behavior-3.0.0-pre.12.tgz",
      "integrity": "sha512-pCzvDOxEBybdMbtKIaAxcE/jBU+BISsVc552i9EOMqtBBPap5CFgtg1s9IC4jhEN+1Hw8xY3rQcHu1b7BFV9ow==",
      "requires": {
        "@polymer/iron-form-element-behavior": "3.0.0-pre.12",
        "@polymer/iron-validatable-behavior": "3.0.0-pre.12",
        "@polymer/polymer": "3.0.0-pre.12"
      }
    },
    "@polymer/iron-flex-layout": {
      "version": "3.0.0-pre.12",
      "resolved": "https://registry.npmjs.org/@polymer/iron-flex-layout/-/iron-flex-layout-3.0.0-pre.12.tgz",
      "integrity": "sha512-JvctZ1K5TeRsoGMxVB1yBZYEWONQvyCdcmaoCB6gOJ9R5eq5ebAg2JPNSITAp9CTL2i08Af4tQER3AXzaKyi3A==",
      "requires": {
        "@polymer/polymer": "3.0.0-pre.12"
      }
    },
    "@polymer/iron-form-element-behavior": {
      "version": "3.0.0-pre.12",
      "resolved": "https://registry.npmjs.org/@polymer/iron-form-element-behavior/-/iron-form-element-behavior-3.0.0-pre.12.tgz",
      "integrity": "sha512-i3gAVSq4TbQyGqhHo7HLbzkZ3E1+ua1+U3vUSdVTs3R+qgAXqlIgUDuEintB42X49IvumEy/qWxxxvqL9oZhYw==",
      "requires": {
        "@polymer/polymer": "3.0.0-pre.12"
      }
    },
    "@polymer/iron-icon": {
      "version": "3.0.0-pre.12",
      "resolved": "https://registry.npmjs.org/@polymer/iron-icon/-/iron-icon-3.0.0-pre.12.tgz",
      "integrity": "sha512-S5I324FBMh8/MPBDVtfHS8FVKszhqhhdDjB0QsJ9dBooB5aZKwGyHMXgHW9dcnu+PjM7nP5532u4tpFdBw9TWg==",
      "requires": {
        "@polymer/iron-flex-layout": "3.0.0-pre.12",
        "@polymer/iron-meta": "3.0.0-pre.12",
        "@polymer/polymer": "3.0.0-pre.12"
      }
    },
    "@polymer/iron-icons": {
      "version": "3.0.0-pre.12",
      "resolved": "https://registry.npmjs.org/@polymer/iron-icons/-/iron-icons-3.0.0-pre.12.tgz",
      "integrity": "sha512-NaB1C8bNcll2yMZRuWf+xdLnUTbcUgUP2zjEaRHRHmB3vHxt95Cknbe2xy0s08Mb+1CNeadDEkEgdurf3YnMnA==",
      "requires": {
        "@polymer/iron-icon": "3.0.0-pre.12",
        "@polymer/iron-iconset-svg": "3.0.0-pre.12",
        "@polymer/polymer": "3.0.0-pre.12"
      }
    },
    "@polymer/iron-iconset-svg": {
      "version": "3.0.0-pre.12",
      "resolved": "https://registry.npmjs.org/@polymer/iron-iconset-svg/-/iron-iconset-svg-3.0.0-pre.12.tgz",
      "integrity": "sha512-FAUZjNZrMo6hsRoDoZeAj/kjygUDdv3XbgzoG93yKWxkIhkER2GxmIuYt+5fxx1ZSkB+BCqKnlqk+raGpJ9n6w==",
      "requires": {
        "@polymer/iron-meta": "3.0.0-pre.12",
        "@polymer/polymer": "3.0.0-pre.12"
      }
    },
    "@polymer/iron-media-query": {
      "version": "3.0.0-pre.12",
      "resolved": "https://registry.npmjs.org/@polymer/iron-media-query/-/iron-media-query-3.0.0-pre.12.tgz",
      "integrity": "sha512-6Ei0NXrKI01wObWez0fTwBvMcC5nqD0uNKQKOOug9ufPKyCwUNIHM0OUrjShfkbMwoJXPL2jU3KHokuHZXLrMg==",
      "requires": {
        "@polymer/polymer": "3.0.0-pre.12"
      }
    },
    "@polymer/iron-meta": {
      "version": "3.0.0-pre.12",
      "resolved": "https://registry.npmjs.org/@polymer/iron-meta/-/iron-meta-3.0.0-pre.12.tgz",
      "integrity": "sha512-Yi+Xiu0OlxTiAxWx+X9DuI35dTRm2/lHQqWplubZSGHW+ANuItOTxOLlTm175kq5HY7V8JQtiugko0xaJ60V4A==",
      "requires": {
        "@polymer/polymer": "3.0.0-pre.12"
      }
    },
    "@polymer/iron-resizable-behavior": {
      "version": "3.0.0-pre.12",
      "resolved": "https://registry.npmjs.org/@polymer/iron-resizable-behavior/-/iron-resizable-behavior-3.0.0-pre.12.tgz",
      "integrity": "sha512-ppZGXh//MVkWedjQtgOzBHiuoyTcKggnnMjVHxFsGdIu5kz9LVqB8uqYbN91yhjtLLUAkSIAo1DLhXpoK2x27w==",
      "requires": {
        "@polymer/polymer": "3.0.0-pre.12"
      }
    },
    "@polymer/iron-scroll-target-behavior": {
      "version": "3.0.0-pre.12",
      "resolved": "https://registry.npmjs.org/@polymer/iron-scroll-target-behavior/-/iron-scroll-target-behavior-3.0.0-pre.12.tgz",
      "integrity": "sha512-M+m/myMkARPxvCVj8CcLYIDaTBUEuZr5+3mTTRFY1N2pf8bt7mjEJ6lUpPAfe89+abSHXJMEXf1VjsVSXwDFSg==",
      "requires": {
        "@polymer/polymer": "3.0.0-pre.12"
      }
    },
    "@polymer/iron-validatable-behavior": {
      "version": "3.0.0-pre.12",
      "resolved": "https://registry.npmjs.org/@polymer/iron-validatable-behavior/-/iron-validatable-behavior-3.0.0-pre.12.tgz",
      "integrity": "sha512-80Zblp9n+2nepymuOMJcdmf0F5uxYrbRQdbt2eDStmXjlqcbxgTrdmHY93Pb2n1mwcvjHXU3ex3W4TtVaeX6Rg==",
      "requires": {
        "@polymer/iron-meta": "3.0.0-pre.12",
        "@polymer/polymer": "3.0.0-pre.12"
      }
    },
    "@polymer/lit-element": {
      "version": "0.2.2",
      "resolved": "https://registry.npmjs.org/@polymer/lit-element/-/lit-element-0.2.2.tgz",
      "integrity": "sha512-SCEh/2lH+h36oZk4SNOe0yay4DPbxmJOeazkE91hEGDsKCNeqRARqgFl+dG/sGuZmMkRNlr/odP01n/W8cTOYg==",
      "requires": {
        "@polymer/polymer": "3.0.0-pre.12",
        "lit-html": "0.9.0"
      },
      "dependencies": {
        "lit-html": {
          "version": "0.9.0",
          "resolved": "https://registry.npmjs.org/lit-html/-/lit-html-0.9.0.tgz",
          "integrity": "sha512-j0W8WNcf/VRsC+vxeZwgh4KfztQ2gqLF5a80G85qdffnKQ0yTC2IQpU3FRmFjRdRTezvszb1rGMm7jScMc2Mog=="
        }
      }
    },
    "@polymer/paper-behaviors": {
      "version": "3.0.0-pre.12",
      "resolved": "https://registry.npmjs.org/@polymer/paper-behaviors/-/paper-behaviors-3.0.0-pre.12.tgz",
      "integrity": "sha512-S1YRAwg7B+8P/ju4w8Fk1CMU9DMI/Hv5/MceN/10IX5znGnYqXZrOEHfUiYAM+P5RivsOn4UJdG7wyxAnrCzkg==",
      "requires": {
        "@polymer/iron-behaviors": "3.0.0-pre.12",
        "@polymer/iron-checked-element-behavior": "3.0.0-pre.12",
        "@polymer/paper-ripple": "3.0.0-pre.12",
        "@polymer/polymer": "3.0.0-pre.12"
      }
    },
    "@polymer/paper-checkbox": {
      "version": "3.0.0-pre.12",
      "resolved": "https://registry.npmjs.org/@polymer/paper-checkbox/-/paper-checkbox-3.0.0-pre.12.tgz",
      "integrity": "sha512-onywqPhCXAIHpqtHX3+C4CP5+7UNyo6KweB16iOujBJ1SQUkRrrcdAUsm+ZXb2DrHegFYh01qDZem2Mn975nhw==",
      "requires": {
        "@polymer/iron-a11y-keys-behavior": "3.0.0-pre.12",
        "@polymer/iron-checked-element-behavior": "3.0.0-pre.12",
        "@polymer/paper-behaviors": "3.0.0-pre.12",
        "@polymer/paper-ripple": "3.0.0-pre.12",
        "@polymer/paper-styles": "3.0.0-pre.12",
        "@polymer/polymer": "3.0.0-pre.12"
      }
    },
    "@polymer/paper-icon-button": {
      "version": "3.0.0-pre.12",
      "resolved": "https://registry.npmjs.org/@polymer/paper-icon-button/-/paper-icon-button-3.0.0-pre.12.tgz",
      "integrity": "sha512-+s0CO5Ctkb9SOZ+t8m4WeCUImtjHvvz58howHgxqW2nfKTBbDXz3pT1zOA7ngFxTvWOpfPUjRGE4uaapG1e0Xw==",
      "requires": {
        "@polymer/iron-icon": "3.0.0-pre.12",
        "@polymer/paper-behaviors": "3.0.0-pre.12",
        "@polymer/paper-styles": "3.0.0-pre.12",
        "@polymer/polymer": "3.0.0-pre.12"
      }
    },
    "@polymer/paper-item": {
      "version": "3.0.0-pre.12",
      "resolved": "https://registry.npmjs.org/@polymer/paper-item/-/paper-item-3.0.0-pre.12.tgz",
      "integrity": "sha512-rhT7NrmJNEsLHMhu0eQHtbdPJ1GYQjWntdEb1Vq4Efn8Ak1IREI8vFOXmxSA6HRkNEZRfwtlgDP12JNluW/OzQ==",
      "requires": {
        "@polymer/iron-behaviors": "3.0.0-pre.12",
        "@polymer/iron-flex-layout": "3.0.0-pre.12",
        "@polymer/paper-styles": "3.0.0-pre.12",
        "@polymer/polymer": "3.0.0-pre.12"
      }
    },
    "@polymer/paper-ripple": {
      "version": "3.0.0-pre.12",
      "resolved": "https://registry.npmjs.org/@polymer/paper-ripple/-/paper-ripple-3.0.0-pre.12.tgz",
      "integrity": "sha512-BNyqzLK7eqy6gzXJOr3PGc/5RcSNBouYXIgwiwmiFHWgTc1C8JJnPwE7EuiCfV6WyDY8byFyD10E4jBKHAUwOg==",
      "requires": {
        "@polymer/iron-a11y-keys-behavior": "3.0.0-pre.12",
        "@polymer/polymer": "3.0.0-pre.12"
      }
    },
    "@polymer/paper-styles": {
      "version": "3.0.0-pre.12",
      "resolved": "https://registry.npmjs.org/@polymer/paper-styles/-/paper-styles-3.0.0-pre.12.tgz",
      "integrity": "sha512-mZEu5Rgel1vz3m1wz2XEgNN7pHx0yXvrmSspkD8JlPooy3ewNY0VyVHV/kcIcfQxaKQ8I8b59unOQPV48OqCLA==",
      "requires": {
        "@polymer/font-roboto": "3.0.0-pre.12",
        "@polymer/iron-flex-layout": "3.0.0-pre.12",
        "@polymer/polymer": "3.0.0-pre.12"
      }
    },
    "@polymer/polymer": {
      "version": "3.0.0-pre.12",
      "resolved": "https://registry.npmjs.org/@polymer/polymer/-/polymer-3.0.0-pre.12.tgz",
      "integrity": "sha512-j3ie9DOtENLMR5pG8iyyrFF62lTnKrQCrMVlvgQF2q4qpUXFck0QUlE6gJJN/Zfi3br69mG5+F3mtwQb61OjOQ==",
      "requires": {
        "@webcomponents/shadycss": "1.1.2",
        "@webcomponents/webcomponentsjs": "1.1.1"
      }
    },
    "@webcomponents/shadycss": {
      "version": "1.1.2",
      "resolved": "https://registry.npmjs.org/@webcomponents/shadycss/-/shadycss-1.1.2.tgz",
      "integrity": "sha512-h6j9vIPGxuuRWNloJE7+al/VYiyujme8HXkp9Cm9ApzSSo0U8d48X4jXxR4S3u1t26Kuqx78fvPlqY8/JWowFg=="
    },
    "@webcomponents/webcomponentsjs": {
      "version": "1.1.1",
      "resolved": "https://registry.npmjs.org/@webcomponents/webcomponentsjs/-/webcomponentsjs-1.1.1.tgz",
      "integrity": "sha512-52hSn2KiOYf/O2LcKnh1xiSt3RfX8beY4tQylSSSBwJsr4oy9MLcnWrtbqur3Q5cRdcmEbwHhkYHFc7Sme7zmw=="
    },
    "eslint-config-prettier": {
      "version": "2.9.0",
      "resolved": "https://registry.npmjs.org/eslint-config-prettier/-/eslint-config-prettier-2.9.0.tgz",
      "integrity": "sha512-ag8YEyBXsm3nmOv1Hz991VtNNDMRa+MNy8cY47Pl4bw6iuzqKbJajXdqUpiw13STdLLrznxgm1hj9NhxeOYq0A==",
      "dev": true,
      "requires": {
        "get-stdin": "5.0.1"
      }
    },
    "get-stdin": {
      "version": "5.0.1",
      "resolved": "https://registry.npmjs.org/get-stdin/-/get-stdin-5.0.1.tgz",
      "integrity": "sha1-Ei4WFZHiH/TFJTAwVpPyDmOTo5g=",
      "dev": true
    },
    "lit-html": {
      "version": "0.9.0",
      "resolved": "https://registry.npmjs.org/lit-html/-/lit-html-0.9.0.tgz",
      "integrity": "sha512-j0W8WNcf/VRsC+vxeZwgh4KfztQ2gqLF5a80G85qdffnKQ0yTC2IQpU3FRmFjRdRTezvszb1rGMm7jScMc2Mog=="
    },
    "prettier": {
      "version": "1.12.0",
      "resolved": "https://registry.npmjs.org/prettier/-/prettier-1.12.0.tgz",
      "integrity": "sha512-Wz0SMncgaglBzDcohH3ZIAi4nVpzOIEweFzCOmgVEoRSeO72b4dcKGfgxoRGVMaFlh1r7dlVaJ+f3CIHfeH6xg==",
      "dev": true
    }
  }
}
